// !$*UTF8*$!
{
	archiveVersion = 1;
	classes = {
	};
	objectVersion = 55;
	objects = {

/* Begin PBXBuildFile section */
		97F1A370276B5CAA00B75462 /* AppDelegate.swift in Sources */ = {isa = PBXBuildFile; fileRef = 97F1A36F276B5CAA00B75462 /* AppDelegate.swift */; };
		97F1A372276B5CAA00B75462 /* SceneDelegate.swift in Sources */ = {isa = PBXBuildFile; fileRef = 97F1A371276B5CAA00B75462 /* SceneDelegate.swift */; };
		97F1A374276B5CAA00B75462 /* BucketList.swift in Sources */ = {isa = PBXBuildFile; fileRef = 97F1A373276B5CAA00B75462 /* BucketList.swift */; };
		97F1A377276B5CAA00B75462 /* Main.storyboard in Resources */ = {isa = PBXBuildFile; fileRef = 97F1A375276B5CAA00B75462 /* Main.storyboard */; };
		97F1A37A276B5CAA00B75462 /* Persistent__AddUpdateDelete.xcdatamodeld in Sources */ = {isa = PBXBuildFile; fileRef = 97F1A378276B5CAA00B75462 /* Persistent__AddUpdateDelete.xcdatamodeld */; };
		97F1A37C276B5CAA00B75462 /* Assets.xcassets in Resources */ = {isa = PBXBuildFile; fileRef = 97F1A37B276B5CAA00B75462 /* Assets.xcassets */; };
		97F1A37F276B5CAA00B75462 /* LaunchScreen.storyboard in Resources */ = {isa = PBXBuildFile; fileRef = 97F1A37D276B5CAA00B75462 /* LaunchScreen.storyboard */; };
		97F1A387276B63FA00B75462 /* Button_Delegate.swift in Sources */ = {isa = PBXBuildFile; fileRef = 97F1A386276B63FA00B75462 /* Button_Delegate.swift */; };
		97F1A389276B642E00B75462 /* AddItem.swift in Sources */ = {isa = PBXBuildFile; fileRef = 97F1A388276B642E00B75462 /* AddItem.swift */; };
		97F1A38C276B6B3000B75462 /* ItemList+CoreDataClass.swift in Sources */ = {isa = PBXBuildFile; fileRef = 97F1A38A276B6B3000B75462 /* ItemList+CoreDataClass.swift */; };
		97F1A38D276B6B3000B75462 /* ItemList+CoreDataProperties.swift in Sources */ = {isa = PBXBuildFile; fileRef = 97F1A38B276B6B3000B75462 /* ItemList+CoreDataProperties.swift */; };
/* End PBXBuildFile section */

/* Begin PBXFileReference section */
		97F1A36C276B5CAA00B75462 /* Persistent _AddUpdateDelete.app */ = {isa = PBXFileReference; explicitFileType = wrapper.application; includeInIndex = 0; path = "Persistent _AddUpdateDelete.app"; sourceTree = BUILT_PRODUCTS_DIR; };
		97F1A36F276B5CAA00B75462 /* AppDelegate.swift */ = {isa = PBXFileReference; lastKnownFileType = sourcecode.swift; path = AppDelegate.swift; sourceTree = "<group>"; };
		97F1A371276B5CAA00B75462 /* SceneDelegate.swift */ = {isa = PBXFileReference; lastKnownFileType = sourcecode.swift; path = SceneDelegate.swift; sourceTree = "<group>"; };
		97F1A373276B5CAA00B75462 /* BucketList.swift */ = {isa = PBXFileReference; lastKnownFileType = sourcecode.swift; path = BucketList.swift; sourceTree = "<group>"; };
		97F1A376276B5CAA00B75462 /* Base */ = {isa = PBXFileReference; lastKnownFileType = file.storyboard; name = Base; path = Base.lproj/Main.storyboard; sourceTree = "<group>"; };
		97F1A379276B5CAA00B75462 /* Persistent__AddUpdateDelete.xcdatamodel */ = {isa = PBXFileReference; lastKnownFileType = wrapper.xcdatamodel; path = Persistent__AddUpdateDelete.xcdatamodel; sourceTree = "<group>"; };
		97F1A37B276B5CAA00B75462 /* Assets.xcassets */ = {isa = PBXFileReference; lastKnownFileType = folder.assetcatalog; path = Assets.xcassets; sourceTree = "<group>"; };
		97F1A37E276B5CAA00B75462 /* Base */ = {isa = PBXFileReference; lastKnownFileType = file.storyboard; name = Base; path = Base.lproj/LaunchScreen.storyboard; sourceTree = "<group>"; };
		97F1A380276B5CAA00B75462 /* Info.plist */ = {isa = PBXFileReference; lastKnownFileType = text.plist.xml; path = Info.plist; sourceTree = "<group>"; };
		97F1A386276B63FA00B75462 /* Button_Delegate.swift */ = {isa = PBXFileReference; lastKnownFileType = sourcecode.swift; path = Button_Delegate.swift; sourceTree = "<group>"; };
		97F1A388276B642E00B75462 /* AddItem.swift */ = {isa = PBXFileReference; lastKnownFileType = sourcecode.swift; path = AddItem.swift; sourceTree = "<group>"; };
		97F1A38A276B6B3000B75462 /* ItemList+CoreDataClass.swift */ = {isa = PBXFileReference; lastKnownFileType = sourcecode.swift; path = "ItemList+CoreDataClass.swift"; sourceTree = "<group>"; };
		97F1A38B276B6B3000B75462 /* ItemList+CoreDataProperties.swift */ = {isa = PBXFileReference; lastKnownFileType = sourcecode.swift; path = "ItemList+CoreDataProperties.swift"; sourceTree = "<group>"; };
/* End PBXFileReference section */

/* Begin PBXFrameworksBuildPhase section */
		97F1A369276B5CAA00B75462 /* Frameworks */ = {
			isa = PBXFrameworksBuildPhase;
			buildActionMask = 2147483647;
			files = (
			);
			runOnlyForDeploymentPostprocessing = 0;
		};
/* End PBXFrameworksBuildPhase section */

/* Begin PBXGroup section */
		97F1A363276B5CA900B75462 = {
			isa = PBXGroup;
			children = (
				97F1A38A276B6B3000B75462 /* ItemList+CoreDataClass.swift */,
				97F1A38B276B6B3000B75462 /* ItemList+CoreDataProperties.swift */,
				97F1A36E276B5CAA00B75462 /* Persistent _AddUpdateDelete */,
				97F1A36D276B5CAA00B75462 /* Products */,
			);
			sourceTree = "<group>";
		};
		97F1A36D276B5CAA00B75462 /* Products */ = {
			isa = PBXGroup;
			children = (
				97F1A36C276B5CAA00B75462 /* Persistent _AddUpdateDelete.app */,
			);
			name = Products;
			sourceTree = "<group>";
		};
		97F1A36E276B5CAA00B75462 /* Persistent _AddUpdateDelete */ = {
			isa = PBXGroup;
			children = (
				97F1A36F276B5CAA00B75462 /* AppDelegate.swift */,
				97F1A371276B5CAA00B75462 /* SceneDelegate.swift */,
				97F1A373276B5CAA00B75462 /* BucketList.swift */,
				97F1A386276B63FA00B75462 /* Button_Delegate.swift */,
				97F1A388276B642E00B75462 /* AddItem.swift */,
				97F1A375276B5CAA00B75462 /* Main.storyboard */,
				97F1A37B276B5CAA00B75462 /* Assets.xcassets */,
				97F1A37D276B5CAA00B75462 /* LaunchScreen.storyboard */,
				97F1A380276B5CAA00B75462 /* Info.plist */,
				97F1A378276B5CAA00B75462 /* Persistent__AddUpdateDelete.xcdatamodeld */,
			);
			path = "Persistent _AddUpdateDelete";
			sourceTree = "<group>";
		};
/* End PBXGroup section */

/* Begin PBXNativeTarget section */
		97F1A36B276B5CAA00B75462 /* Persistent _AddUpdateDelete */ = {
			isa = PBXNativeTarget;
			buildConfigurationList = 97F1A383276B5CAA00B75462 /* Build configuration list for PBXNativeTarget "Persistent _AddUpdateDelete" */;
			buildPhases = (
				97F1A368276B5CAA00B75462 /* Sources */,
				97F1A369276B5CAA00B75462 /* Frameworks */,
				97F1A36A276B5CAA00B75462 /* Resources */,
			);
			buildRules = (
			);
			dependencies = (
			);
			name = "Persistent _AddUpdateDelete";
			productName = "Persistent _AddUpdateDelete";
			productReference = 97F1A36C276B5CAA00B75462 /* Persistent _AddUpdateDelete.app */;
			productType = "com.apple.product-type.application";
		};
/* End PBXNativeTarget section */

/* Begin PBXProject section */
		97F1A364276B5CA900B75462 /* Project object */ = {
			isa = PBXProject;
			attributes = {
				BuildIndependentTargetsInParallel = 1;
				LastSwiftUpdateCheck = 1310;
				LastUpgradeCheck = 1310;
				TargetAttributes = {
					97F1A36B276B5CAA00B75462 = {
						CreatedOnToolsVersion = 13.1;
					};
				};
			};
			buildConfigurationList = 97F1A367276B5CA900B75462 /* Build configuration list for PBXProject "Persistent _AddUpdateDelete" */;
			compatibilityVersion = "Xcode 13.0";
			developmentRegion = en;
			hasScannedForEncodings = 0;
			knownRegions = (
				en,
				Base,
			);
			mainGroup = 97F1A363276B5CA900B75462;
			productRefGroup = 97F1A36D276B5CAA00B75462 /* Products */;
			projectDirPath = "";
			projectRoot = "";
			targets = (
				97F1A36B276B5CAA00B75462 /* Persistent _AddUpdateDelete */,
			);
		};
/* End PBXProject section */

/* Begin PBXResourcesBuildPhase section */
		97F1A36A276B5CAA00B75462 /* Resources */ = {
			isa = PBXResourcesBuildPhase;
			buildActionMask = 2147483647;
			files = (
				97F1A37F276B5CAA00B75462 /* LaunchScreen.storyboard in Resources */,
				97F1A37C276B5CAA00B75462 /* Assets.xcassets in Resources */,
				97F1A377276B5CAA00B75462 /* Main.storyboard in Resources */,
			);
			runOnlyForDeploymentPostprocessing = 0;
		};
/* End PBXResourcesBuildPhase section */

/* Begin PBXSourcesBuildPhase section */
		97F1A368276B5CAA00B75462 /* Sources */ = {
			isa = PBXSourcesBuildPhase;
			buildActionMask = 2147483647;
			files = (
				97F1A374276B5CAA00B75462 /* BucketList.swift in Sources */,
				97F1A38C276B6B3000B75462 /* ItemList+CoreDataClass.swift in Sources */,
				97F1A370276B5CAA00B75462 /* AppDelegate.swift in Sources */,
				97F1A389276B642E00B75462 /* AddItem.swift in Sources */,
				97F1A37A276B5CAA00B75462 /* Persistent__AddUpdateDelete.xcdatamodeld in Sources */,
				97F1A372276B5CAA00B75462 /* SceneDelegate.swift in Sources */,
				97F1A38D276B6B3000B75462 /* ItemList+CoreDataProperties.swift in Sources */,
				97F1A387276B63FA00B75462 /* Button_Delegate.swift in Sources */,
			);
			runOnlyForDeploymentPostprocessing = 0;
		};
/* End PBXSourcesBuildPhase section */

/* Begin PBXVariantGroup section */
		97F1A375276B5CAA00B75462 /* Main.storyboard */ = {
			isa = PBXVariantGroup;
			children = (
				97F1A376276B5CAA00B75462 /* Base */,
			);
			name = Main.storyboard;
			sourceTree = "<group>";
		};
		97F1A37D276B5CAA00B75462 /* LaunchScreen.storyboard */ = {
			isa = PBXVariantGroup;
			children = (
				97F1A37E276B5CAA00B75462 /* Base */,
			);
			name = LaunchScreen.storyboard;
			sourceTree = "<group>";
		};
/* End PBXVariantGroup section */

/* Begin XCBuildConfiguration section */
		97F1A381276B5CAA00B75462 /* Debug */ = {
			isa = XCBuildConfiguration;
			buildSettings = {
				ALWAYS_SEARCH_USER_PATHS = NO;
				CLANG_ANALYZER_NONNULL = YES;
				CLANG_ANALYZER_NUMBER_OBJECT_CONVERSION = YES_AGGRESSIVE;
				CLANG_CXX_LANGUAGE_STANDARD = "gnu++17";
				CLANG_CXX_LIBRARY = "libc++";
				CLANG_ENABLE_MODULES = YES;
				CLANG_ENABLE_OBJC_ARC = YES;
				CLANG_ENABLE_OBJC_WEAK = YES;
				CLANG_WARN_BLOCK_CAPTURE_AUTORELEASING = YES;
				CLANG_WARN_BOOL_CONVERSION = YES;
				CLANG_WARN_COMMA = YES;
				CLANG_WARN_CONSTANT_CONVERSION = YES;
				CLANG_WARN_DEPRECATED_OBJC_IMPLEMENTATIONS = YES;
				CLANG_WARN_DIRECT_OBJC_ISA_USAGE = YES_ERROR;
				CLANG_WARN_DOCUMENTATION_COMMENTS = YES;
				CLANG_WARN_EMPTY_BODY = YES;
				CLANG_WARN_ENUM_CONVERSION = YES;
				CLANG_WARN_INFINITE_RECURSION = YES;
				CLANG_WARN_INT_CONVERSION = YES;
				CLANG_WARN_NON_LITERAL_NULL_CONVERSION = YES;
				CLANG_WARN_OBJC_IMPLICIT_RETAIN_SELF = YES;
				CLANG_WARN_OBJC_LITERAL_CONVERSION = YES;
				CLANG_WARN_OBJC_ROOT_CLASS = YES_ERROR;
				CLANG_WARN_QUOTED_INCLUDE_IN_FRAMEWORK_HEADER = YES;
				CLANG_WARN_RANGE_LOOP_ANALYSIS = YES;
				CLANG_WARN_STRICT_PROTOTYPES = YES;
				CLANG_WARN_SUSPICIOUS_MOVE = YES;
				CLANG_WARN_UNGUARDED_AVAILABILITY = YES_AGGRESSIVE;
				CLANG_WARN_UNREACHABLE_CODE = YES;
				CLANG_WARN__DUPLICATE_METHOD_MATCH = YES;
				COPY_PHASE_STRIP = NO;
				DEBUG_INFORMATION_FORMAT = dwarf;
				ENABLE_STRICT_OBJC_MSGSEND = YES;
				ENABLE_TESTABILITY = YES;
				GCC_C_LANGUAGE_STANDARD = gnu11;
				GCC_DYNAMIC_NO_PIC = NO;
				GCC_NO_COMMON_BLOCKS = YES;
				GCC_OPTIMIZATION_LEVEL = 0;
				GCC_PREPROCESSOR_DEFINITIONS = (
					"DEBUG=1",
					"$(inherited)",
				);
				GCC_WARN_64_TO_32_BIT_CONVERSION = YES;
				GCC_WARN_ABOUT_RETURN_TYPE = YES_ERROR;
				GCC_WARN_UNDECLARED_SELECTOR = YES;
				GCC_WARN_UNINITIALIZED_AUTOS = YES_AGGRESSIVE;
				GCC_WARN_UNUSED_FUNCTION = YES;
				GCC_WARN_UNUSED_VARIABLE = YES;
				IPHONEOS_DEPLOYMENT_TARGET = 15.0;
				MTL_ENABLE_DEBUG_INFO = INCLUDE_SOURCE;
				MTL_FAST_MATH = YES;
				ONLY_ACTIVE_ARCH = YES;
				SDKROOT = iphoneos;
				SWIFT_ACTIVE_COMPILATION_CONDITIONS = DEBUG;
				SWIFT_OPTIMIZATION_LEVEL = "-Onone";
			};
			name = Debug;
		};
		97F1A382276B5CAA00B75462 /* Release */ = {
			isa = XCBuildConfiguration;
			buildSettings = {
				ALWAYS_SEARCH_USER_PATHS = NO;
				CLANG_ANALYZER_NONNULL = YES;
				CLANG_ANALYZER_NUMBER_OBJECT_CONVERSION = YES_AGGRESSIVE;
				CLANG_CXX_LANGUAGE_STANDARD = "gnu++17";
				CLANG_CXX_LIBRARY = "libc++";
				CLANG_ENABLE_MODULES = YES;
				CLANG_ENABLE_OBJC_ARC = YES;
				CLANG_ENABLE_OBJC_WEAK = YES;
				CLANG_WARN_BLOCK_CAPTURE_AUTORELEASING = YES;
				CLANG_WARN_BOOL_CONVERSION = YES;
				CLANG_WARN_COMMA = YES;
				CLANG_WARN_CONSTANT_CONVERSION = YES;
				CLANG_WARN_DEPRECATED_OBJC_IMPLEMENTATIONS = YES;
				CLANG_WARN_DIRECT_OBJC_ISA_USAGE = YES_ERROR;
				CLANG_WARN_DOCUMENTATION_COMMENTS = YES;
				CLANG_WARN_EMPTY_BODY = YES;
				CLANG_WARN_ENUM_CONVERSION = YES;
				CLANG_WARN_INFINITE_RECURSION = YES;
				CLANG_WARN_INT_CONVERSION = YES;
				CLANG_WARN_NON_LITERAL_NULL_CONVERSION = YES;
				CLANG_WARN_OBJC_IMPLICIT_RETAIN_SELF = YES;
				CLANG_WARN_OBJC_LITERAL_CONVERSION = YES;
				CLANG_WARN_OBJC_ROOT_CLASS = YES_ERROR;
				CLANG_WARN_QUOTED_INCLUDE_IN_FRAMEWORK_HEADER = YES;
				CLANG_WARN_RANGE_LOOP_ANALYSIS = YES;
				CLANG_WARN_STRICT_PROTOTYPES = YES;
				CLANG_WARN_SUSPICIOUS_MOVE = YES;
				CLANG_WARN_UNGUARDED_AVAILABILITY = YES_AGGRESSIVE;
				CLANG_WARN_UNREACHABLE_CODE = YES;
				CLANG_WARN__DUPLICATE_METHOD_MATCH = YES;
				COPY_PHASE_STRIP = NO;
				DEBUG_INFORMATION_FORMAT = "dwarf-with-dsym";
				ENABLE_NS_ASSERTIONS = NO;
				ENABLE_STRICT_OBJC_MSGSEND = YES;
				GCC_C_LANGUAGE_STANDARD = gnu11;
				GCC_NO_COMMON_BLOCKS = YES;
				GCC_WARN_64_TO_32_BIT_CONVERSION = YES;
				GCC_WARN_ABOUT_RETURN_TYPE = YES_ERROR;
				GCC_WARN_UNDECLARED_SELECTOR = YES;
				GCC_WARN_UNINITIALIZED_AUTOS = YES_AGGRESSIVE;
				GCC_WARN_UNUSED_FUNCTION = YES;
				GCC_WARN_UNUSED_VARIABLE = YES;
				IPHONEOS_DEPLOYMENT_TARGET = 15.0;
				MTL_ENABLE_DEBUG_INFO = NO;
				MTL_FAST_MATH = YES;
				SDKROOT = iphoneos;
				SWIFT_COMPILATION_MODE = wholemodule;
				SWIFT_OPTIMIZATION_LEVEL = "-O";
				VALIDATE_PRODUCT = YES;
			};
			name = Release;
		};
		97F1A384276B5CAA00B75462 /* Debug */ = {
			isa = XCBuildConfiguration;
			buildSettings = {
				ASSETCATALOG_COMPILER_APPICON_NAME = AppIcon;
				ASSETCATALOG_COMPILER_GLOBAL_ACCENT_COLOR_NAME = AccentColor;
				CODE_SIGN_STYLE = Automatic;
				CURRENT_PROJECT_VERSION = 1;
				GENERATE_INFOPLIST_FILE = YES;
				INFOPLIST_FILE = "Persistent _AddUpdateDelete/Info.plist";
				INFOPLIST_KEY_UIApplicationSupportsIndirectInputEvents = YES;
				INFOPLIST_KEY_UILaunchStoryboardName = LaunchScreen;
				INFOPLIST_KEY_UIMainStoryboardFile = Main;
				INFOPLIST_KEY_UISupportedInterfaceOrientations = "UIInterfaceOrientationPortrait UIInterfaceOrientationLandscapeLeft UIInterfaceOrientationLandscapeRight";
				INFOPLIST_KEY_UISupportedInterfaceOrientations_iPad = "UIInterfaceOrientationPortrait UIInterfaceOrientationPortraitUpsideDown UIInterfaceOrientationLandscapeLeft UIInterfaceOrientationLandscapeRight";
				INFOPLIST_KEY_UISupportedInterfaceOrientations_iPhone = "UIInterfaceOrientationPortrait UIInterfaceOrientationLandscapeLeft UIInterfaceOrientationLandscapeRight";
				LD_RUNPATH_SEARCH_PATHS = (
					"$(inherited)",
					"@executable_path/Frameworks",
				);
				MARKETING_VERSION = 1.0;
				PRODUCT_BUNDLE_IDENTIFIER = "com.Atheer.Persistent--AddUpdateDelete";
				PRODUCT_NAME = "$(TARGET_NAME)";
				SWIFT_EMIT_LOC_STRINGS = YES;
				SWIFT_VERSION = 5.0;
				TARGETED_DEVICE_FAMILY = "1,2";
			};
			name = Debug;
		};
		97F1A385276B5CAA00B75462 /* Release */ = {
			isa = XCBuildConfiguration;
			buildSettings = {
				ASSETCATALOG_COMPILER_APPICON_NAME = AppIcon;
				ASSETCATALOG_COMPILER_GLOBAL_ACCENT_COLOR_NAME = AccentColor;
				CODE_SIGN_STYLE = Automatic;
				CURRENT_PROJECT_VERSION = 1;
				GENERATE_INFOPLIST_FILE = YES;
				INFOPLIST_FILE = "Persistent _AddUpdateDelete/Info.plist";
				INFOPLIST_KEY_UIApplicationSupportsIndirectInputEvents = YES;
				INFOPLIST_KEY_UILaunchStoryboardName = LaunchScreen;
				INFOPLIST_KEY_UIMainStoryboardFile = Main;
				INFOPLIST_KEY_UISupportedInterfaceOrientations = "UIInterfaceOrientationPortrait UIInterfaceOrientationLandscapeLeft UIInterfaceOrientationLandscapeRight";
				INFOPLIST_KEY_UISupportedInterfaceOrientations_iPad = "UIInterfaceOrientationPortrait UIInterfaceOrientationPortraitUpsideDown UIInterfaceOrientationLandscapeLeft UIInterfaceOrientationLandscapeRight";
				INFOPLIST_KEY_UISupportedInterfaceOrientations_iPhone = "UIInterfaceOrientationPortrait UIInterfaceOrientationLandscapeLeft UIInterfaceOrientationLandscapeRight";
				LD_RUNPATH_SEARCH_PATHS = (
					"$(inherited)",
					"@executable_path/Frameworks",
				);
				MARKETING_VERSION = 1.0;
				PRODUCT_BUNDLE_IDENTIFIER = "com.Atheer.Persistent--AddUpdateDelete";
				PRODUCT_NAME = "$(TARGET_NAME)";
				SWIFT_EMIT_LOC_STRINGS = YES;
				SWIFT_VERSION = 5.0;
				TARGETED_DEVICE_FAMILY = "1,2";
			};
			name = Release;
		};
/* End XCBuildConfiguration section */

/* Begin XCConfigurationList section */
		97F1A367276B5CA900B75462 /* Build configuration list for PBXProject "Persistent _AddUpdateDelete" */ = {
			isa = XCConfigurationList;
			buildConfigurations = (
				97F1A381276B5CAA00B75462 /* Debug */,
				97F1A382276B5CAA00B75462 /* Release */,
			);
			defaultConfigurationIsVisible = 0;
			defaultConfigurationName = Release;
		};
		97F1A383276B5CAA00B75462 /* Build configuration list for PBXNativeTarget "Persistent _AddUpdateDelete" */ = {
			isa = XCConfigurationList;
			buildConfigurations = (
				97F1A384276B5CAA00B75462 /* Debug */,
				97F1A385276B5CAA00B75462 /* Release */,
			);
			defaultConfigurationIsVisible = 0;
			defaultConfigurationName = Release;
		};
/* End XCConfigurationList section */

/* Begin XCVersionGroup section */
		97F1A378276B5CAA00B75462 /* Persistent__AddUpdateDelete.xcdatamodeld */ = {
			isa = XCVersionGroup;
			children = (
				97F1A379276B5CAA00B75462 /* Persistent__AddUpdateDelete.xcdatamodel */,
			);
			currentVersion = 97F1A379276B5CAA00B75462 /* Persistent__AddUpdateDelete.xcdatamodel */;
			path = Persistent__AddUpdateDelete.xcdatamodeld;
			sourceTree = "<group>";
			versionGroupType = wrapper.xcdatamodel;
		};
/* End XCVersionGroup section */
	};
	rootObject = 97F1A364276B5CA900B75462 /* Project object */;
}
